// !$*UTF8*$!
{
	archiveVersion = 1;
	classes = {
	};
	objectVersion = 56;
	objects = {

/* Begin PBXBuildFile section */
		798F09DCBCC919D9CAE5627F /* Pods_test_testUITests.framework in Frameworks */ = {isa = PBXBuildFile; fileRef = 8C5C7FE36E726AE6C948E4B6 /* Pods_test_testUITests.framework */; };
		9A79A1E5D2B7DD3F22422363 /* Pods_test.framework in Frameworks */ = {isa = PBXBuildFile; fileRef = BF7C15EC15EC85B73EEF7739 /* Pods_test.framework */; };
		9BC634B32AB0F95900D14459 /* testApp.swift in Sources */ = {isa = PBXBuildFile; fileRef = 9BC634B22AB0F95900D14459 /* testApp.swift */; };
		9BC634B52AB0F95900D14459 /* MapView.swift in Sources */ = {isa = PBXBuildFile; fileRef = 9BC634B42AB0F95900D14459 /* MapView.swift */; };
		9BC634B72AB0F95B00D14459 /* Assets.xcassets in Resources */ = {isa = PBXBuildFile; fileRef = 9BC634B62AB0F95B00D14459 /* Assets.xcassets */; };
		9BC634BA2AB0F95B00D14459 /* Preview Assets.xcassets in Resources */ = {isa = PBXBuildFile; fileRef = 9BC634B92AB0F95B00D14459 /* Preview Assets.xcassets */; };
		9BC634C42AB0F95B00D14459 /* testTests.swift in Sources */ = {isa = PBXBuildFile; fileRef = 9BC634C32AB0F95B00D14459 /* testTests.swift */; };
		9BC634CE2AB0F95B00D14459 /* testUITests.swift in Sources */ = {isa = PBXBuildFile; fileRef = 9BC634CD2AB0F95B00D14459 /* testUITests.swift */; };
		9BC634D02AB0F95B00D14459 /* testUITestsLaunchTests.swift in Sources */ = {isa = PBXBuildFile; fileRef = 9BC634CF2AB0F95B00D14459 /* testUITestsLaunchTests.swift */; };
		9BF302E12AB942BF002CB598 /* HomePageView.swift in Sources */ = {isa = PBXBuildFile; fileRef = 9BF302E02AB942BF002CB598 /* HomePageView.swift */; };
		9BF302E32AB9467D002CB598 /* FetiiDriversView.swift in Sources */ = {isa = PBXBuildFile; fileRef = 9BF302E22AB9467D002CB598 /* FetiiDriversView.swift */; };
		9BF302E52AB94C85002CB598 /* FetiiModels.swift in Sources */ = {isa = PBXBuildFile; fileRef = 9BF302E42AB94C85002CB598 /* FetiiModels.swift */; };
		EE61924A17601679231624F7 /* Pods_testTests.framework in Frameworks */ = {isa = PBXBuildFile; fileRef = DB4CC3D2DC4E1BA0C0A7C7BB /* Pods_testTests.framework */; };
/* End PBXBuildFile section */

/* Begin PBXContainerItemProxy section */
		9BC634C02AB0F95B00D14459 /* PBXContainerItemProxy */ = {
			isa = PBXContainerItemProxy;
			containerPortal = 9BC634A72AB0F95900D14459 /* Project object */;
			proxyType = 1;
			remoteGlobalIDString = 9BC634AE2AB0F95900D14459;
			remoteInfo = test;
		};
		9BC634CA2AB0F95B00D14459 /* PBXContainerItemProxy */ = {
			isa = PBXContainerItemProxy;
			containerPortal = 9BC634A72AB0F95900D14459 /* Project object */;
			proxyType = 1;
			remoteGlobalIDString = 9BC634AE2AB0F95900D14459;
			remoteInfo = test;
		};
/* End PBXContainerItemProxy section */

/* Begin PBXFileReference section */
		23FCA96C220927B57A9A8D3F /* Pods-test.release.xcconfig */ = {isa = PBXFileReference; includeInIndex = 1; lastKnownFileType = text.xcconfig; name = "Pods-test.release.xcconfig"; path = "Target Support Files/Pods-test/Pods-test.release.xcconfig"; sourceTree = "<group>"; };
		25C64875C59BF3AB42D85825 /* Pods-test.debug.xcconfig */ = {isa = PBXFileReference; includeInIndex = 1; lastKnownFileType = text.xcconfig; name = "Pods-test.debug.xcconfig"; path = "Target Support Files/Pods-test/Pods-test.debug.xcconfig"; sourceTree = "<group>"; };
		34930E9E920A5FEB29117CC4 /* Pods-testTests.debug.xcconfig */ = {isa = PBXFileReference; includeInIndex = 1; lastKnownFileType = text.xcconfig; name = "Pods-testTests.debug.xcconfig"; path = "Target Support Files/Pods-testTests/Pods-testTests.debug.xcconfig"; sourceTree = "<group>"; };
		604D4B884059703C0FC9C5B6 /* Pods-test-testUITests.release.xcconfig */ = {isa = PBXFileReference; includeInIndex = 1; lastKnownFileType = text.xcconfig; name = "Pods-test-testUITests.release.xcconfig"; path = "Target Support Files/Pods-test-testUITests/Pods-test-testUITests.release.xcconfig"; sourceTree = "<group>"; };
		8C5C7FE36E726AE6C948E4B6 /* Pods_test_testUITests.framework */ = {isa = PBXFileReference; explicitFileType = wrapper.framework; includeInIndex = 0; path = Pods_test_testUITests.framework; sourceTree = BUILT_PRODUCTS_DIR; };
		9BC634AF2AB0F95900D14459 /* test.app */ = {isa = PBXFileReference; explicitFileType = wrapper.application; includeInIndex = 0; path = test.app; sourceTree = BUILT_PRODUCTS_DIR; };
		9BC634B22AB0F95900D14459 /* testApp.swift */ = {isa = PBXFileReference; lastKnownFileType = sourcecode.swift; path = testApp.swift; sourceTree = "<group>"; };
		9BC634B42AB0F95900D14459 /* MapView.swift */ = {isa = PBXFileReference; lastKnownFileType = sourcecode.swift; path = MapView.swift; sourceTree = "<group>"; };
		9BC634B62AB0F95B00D14459 /* Assets.xcassets */ = {isa = PBXFileReference; lastKnownFileType = folder.assetcatalog; path = Assets.xcassets; sourceTree = "<group>"; };
		9BC634B92AB0F95B00D14459 /* Preview Assets.xcassets */ = {isa = PBXFileReference; lastKnownFileType = folder.assetcatalog; path = "Preview Assets.xcassets"; sourceTree = "<group>"; };
		9BC634BF2AB0F95B00D14459 /* testTests.xctest */ = {isa = PBXFileReference; explicitFileType = wrapper.cfbundle; includeInIndex = 0; path = testTests.xctest; sourceTree = BUILT_PRODUCTS_DIR; };
		9BC634C32AB0F95B00D14459 /* testTests.swift */ = {isa = PBXFileReference; lastKnownFileType = sourcecode.swift; path = testTests.swift; sourceTree = "<group>"; };
		9BC634C92AB0F95B00D14459 /* testUITests.xctest */ = {isa = PBXFileReference; explicitFileType = wrapper.cfbundle; includeInIndex = 0; path = testUITests.xctest; sourceTree = BUILT_PRODUCTS_DIR; };
		9BC634CD2AB0F95B00D14459 /* testUITests.swift */ = {isa = PBXFileReference; lastKnownFileType = sourcecode.swift; path = testUITests.swift; sourceTree = "<group>"; };
		9BC634CF2AB0F95B00D14459 /* testUITestsLaunchTests.swift */ = {isa = PBXFileReference; lastKnownFileType = sourcecode.swift; path = testUITestsLaunchTests.swift; sourceTree = "<group>"; };
		9BF302E02AB942BF002CB598 /* HomePageView.swift */ = {isa = PBXFileReference; lastKnownFileType = sourcecode.swift; path = HomePageView.swift; sourceTree = "<group>"; };
		9BF302E22AB9467D002CB598 /* FetiiDriversView.swift */ = {isa = PBXFileReference; lastKnownFileType = sourcecode.swift; path = FetiiDriversView.swift; sourceTree = "<group>"; };
		9BF302E42AB94C85002CB598 /* FetiiModels.swift */ = {isa = PBXFileReference; lastKnownFileType = sourcecode.swift; name = FetiiModels.swift; path = Models/FetiiModels.swift; sourceTree = "<group>"; };
		BF7C15EC15EC85B73EEF7739 /* Pods_test.framework */ = {isa = PBXFileReference; explicitFileType = wrapper.framework; includeInIndex = 0; path = Pods_test.framework; sourceTree = BUILT_PRODUCTS_DIR; };
		CDB08C3034984060CF230360 /* Pods-testTests.release.xcconfig */ = {isa = PBXFileReference; includeInIndex = 1; lastKnownFileType = text.xcconfig; name = "Pods-testTests.release.xcconfig"; path = "Target Support Files/Pods-testTests/Pods-testTests.release.xcconfig"; sourceTree = "<group>"; };
		DB4CC3D2DC4E1BA0C0A7C7BB /* Pods_testTests.framework */ = {isa = PBXFileReference; explicitFileType = wrapper.framework; includeInIndex = 0; path = Pods_testTests.framework; sourceTree = BUILT_PRODUCTS_DIR; };
		DC550E30645A8F0C7D2116C4 /* Pods-test-testUITests.debug.xcconfig */ = {isa = PBXFileReference; includeInIndex = 1; lastKnownFileType = text.xcconfig; name = "Pods-test-testUITests.debug.xcconfig"; path = "Target Support Files/Pods-test-testUITests/Pods-test-testUITests.debug.xcconfig"; sourceTree = "<group>"; };
/* End PBXFileReference section */

/* Begin PBXFrameworksBuildPhase section */
		9BC634AC2AB0F95900D14459 /* Frameworks */ = {
			isa = PBXFrameworksBuildPhase;
			buildActionMask = 2147483647;
			files = (
				9A79A1E5D2B7DD3F22422363 /* Pods_test.framework in Frameworks */,
			);
			runOnlyForDeploymentPostprocessing = 0;
		};
		9BC634BC2AB0F95B00D14459 /* Frameworks */ = {
			isa = PBXFrameworksBuildPhase;
			buildActionMask = 2147483647;
			files = (
				EE61924A17601679231624F7 /* Pods_testTests.framework in Frameworks */,
			);
			runOnlyForDeploymentPostprocessing = 0;
		};
		9BC634C62AB0F95B00D14459 /* Frameworks */ = {
			isa = PBXFrameworksBuildPhase;
			buildActionMask = 2147483647;
			files = (
				798F09DCBCC919D9CAE5627F /* Pods_test_testUITests.framework in Frameworks */,
			);
			runOnlyForDeploymentPostprocessing = 0;
		};
/* End PBXFrameworksBuildPhase section */

/* Begin PBXGroup section */
		32AAEA2B70FE3FD7B3A57C1D /* Pods */ = {
			isa = PBXGroup;
			children = (
				25C64875C59BF3AB42D85825 /* Pods-test.debug.xcconfig */,
				23FCA96C220927B57A9A8D3F /* Pods-test.release.xcconfig */,
				DC550E30645A8F0C7D2116C4 /* Pods-test-testUITests.debug.xcconfig */,
				604D4B884059703C0FC9C5B6 /* Pods-test-testUITests.release.xcconfig */,
				34930E9E920A5FEB29117CC4 /* Pods-testTests.debug.xcconfig */,
				CDB08C3034984060CF230360 /* Pods-testTests.release.xcconfig */,
			);
			path = Pods;
			sourceTree = "<group>";
		};
		5A017631186B3CD758D115FF /* Frameworks */ = {
			isa = PBXGroup;
			children = (
				BF7C15EC15EC85B73EEF7739 /* Pods_test.framework */,
				8C5C7FE36E726AE6C948E4B6 /* Pods_test_testUITests.framework */,
				DB4CC3D2DC4E1BA0C0A7C7BB /* Pods_testTests.framework */,
			);
			name = Frameworks;
			sourceTree = "<group>";
		};
		9BC634A62AB0F95900D14459 = {
			isa = PBXGroup;
			children = (
				9BC634B12AB0F95900D14459 /* test */,
				9BC634C22AB0F95B00D14459 /* testTests */,
				9BC634CC2AB0F95B00D14459 /* testUITests */,
				9BC634B02AB0F95900D14459 /* Products */,
				32AAEA2B70FE3FD7B3A57C1D /* Pods */,
				5A017631186B3CD758D115FF /* Frameworks */,
			);
			sourceTree = "<group>";
		};
		9BC634B02AB0F95900D14459 /* Products */ = {
			isa = PBXGroup;
			children = (
				9BC634AF2AB0F95900D14459 /* test.app */,
				9BC634BF2AB0F95B00D14459 /* testTests.xctest */,
				9BC634C92AB0F95B00D14459 /* testUITests.xctest */,
			);
			name = Products;
			sourceTree = "<group>";
		};
		9BC634B12AB0F95900D14459 /* test */ = {
			isa = PBXGroup;
			children = (
				9BF302EA2AB9FC39002CB598 /* New Group */,
				9BC634B22AB0F95900D14459 /* testApp.swift */,
				9BC634B42AB0F95900D14459 /* MapView.swift */,
				9BF302E42AB94C85002CB598 /* FetiiModels.swift */,
				9BF302E02AB942BF002CB598 /* HomePageView.swift */,
				9BF302E22AB9467D002CB598 /* FetiiDriversView.swift */,
				9BC634B62AB0F95B00D14459 /* Assets.xcassets */,
				9BC634B82AB0F95B00D14459 /* Preview Content */,
			);
			path = test;
			sourceTree = "<group>";
		};
		9BC634B82AB0F95B00D14459 /* Preview Content */ = {
			isa = PBXGroup;
			children = (
				9BC634B92AB0F95B00D14459 /* Preview Assets.xcassets */,
			);
			path = "Preview Content";
			sourceTree = "<group>";
		};
		9BC634C22AB0F95B00D14459 /* testTests */ = {
			isa = PBXGroup;
			children = (
				9BC634C32AB0F95B00D14459 /* testTests.swift */,
			);
			path = testTests;
			sourceTree = "<group>";
		};
		9BC634CC2AB0F95B00D14459 /* testUITests */ = {
			isa = PBXGroup;
			children = (
				9BC634CD2AB0F95B00D14459 /* testUITests.swift */,
				9BC634CF2AB0F95B00D14459 /* testUITestsLaunchTests.swift */,
			);
			path = testUITests;
			sourceTree = "<group>";
		};
		9BF302EA2AB9FC39002CB598 /* New Group */ = {
			isa = PBXGroup;
			children = (
			);
			path = "New Group";
			sourceTree = "<group>";
		};
/* End PBXGroup section */

/* Begin PBXNativeTarget section */
		9BC634AE2AB0F95900D14459 /* test */ = {
			isa = PBXNativeTarget;
			buildConfigurationList = 9BC634D32AB0F95B00D14459 /* Build configuration list for PBXNativeTarget "test" */;
			buildPhases = (
				131937B669F6CB6C161C908A /* [CP] Check Pods Manifest.lock */,
				9BC634AB2AB0F95900D14459 /* Sources */,
				9BC634AC2AB0F95900D14459 /* Frameworks */,
				9BC634AD2AB0F95900D14459 /* Resources */,
				53CD23D0FB85CCD11981CDF4 /* [CP] Copy Pods Resources */,
			);
			buildRules = (
			);
			dependencies = (
			);
			name = test;
			productName = test;
			productReference = 9BC634AF2AB0F95900D14459 /* test.app */;
			productType = "com.apple.product-type.application";
		};
		9BC634BE2AB0F95B00D14459 /* testTests */ = {
			isa = PBXNativeTarget;
			buildConfigurationList = 9BC634D62AB0F95B00D14459 /* Build configuration list for PBXNativeTarget "testTests" */;
			buildPhases = (
				45852C6A1DCB514AF4CC8218 /* [CP] Check Pods Manifest.lock */,
				9BC634BB2AB0F95B00D14459 /* Sources */,
				9BC634BC2AB0F95B00D14459 /* Frameworks */,
				9BC634BD2AB0F95B00D14459 /* Resources */,
			);
			buildRules = (
			);
			dependencies = (
				9BC634C12AB0F95B00D14459 /* PBXTargetDependency */,
			);
			name = testTests;
			productName = testTests;
			productReference = 9BC634BF2AB0F95B00D14459 /* testTests.xctest */;
			productType = "com.apple.product-type.bundle.unit-test";
		};
		9BC634C82AB0F95B00D14459 /* testUITests */ = {
			isa = PBXNativeTarget;
			buildConfigurationList = 9BC634D92AB0F95B00D14459 /* Build configuration list for PBXNativeTarget "testUITests" */;
			buildPhases = (
				72CDD8A79F7540FC2F3F4E7A /* [CP] Check Pods Manifest.lock */,
				9BC634C52AB0F95B00D14459 /* Sources */,
				9BC634C62AB0F95B00D14459 /* Frameworks */,
				9BC634C72AB0F95B00D14459 /* Resources */,
				4DC493550EE43FB4449A56CE /* [CP] Copy Pods Resources */,
			);
			buildRules = (
			);
			dependencies = (
				9BC634CB2AB0F95B00D14459 /* PBXTargetDependency */,
			);
			name = testUITests;
			productName = testUITests;
			productReference = 9BC634C92AB0F95B00D14459 /* testUITests.xctest */;
			productType = "com.apple.product-type.bundle.ui-testing";
		};
/* End PBXNativeTarget section */

/* Begin PBXProject section */
		9BC634A72AB0F95900D14459 /* Project object */ = {
			isa = PBXProject;
			attributes = {
				BuildIndependentTargetsInParallel = 1;
				LastSwiftUpdateCheck = 1430;
				LastUpgradeCheck = 1430;
				TargetAttributes = {
					9BC634AE2AB0F95900D14459 = {
						CreatedOnToolsVersion = 14.3.1;
					};
					9BC634BE2AB0F95B00D14459 = {
						CreatedOnToolsVersion = 14.3.1;
						TestTargetID = 9BC634AE2AB0F95900D14459;
					};
					9BC634C82AB0F95B00D14459 = {
						CreatedOnToolsVersion = 14.3.1;
						TestTargetID = 9BC634AE2AB0F95900D14459;
					};
				};
			};
			buildConfigurationList = 9BC634AA2AB0F95900D14459 /* Build configuration list for PBXProject "test" */;
			compatibilityVersion = "Xcode 14.0";
			developmentRegion = en;
			hasScannedForEncodings = 0;
			knownRegions = (
				en,
				Base,
			);
			mainGroup = 9BC634A62AB0F95900D14459;
			productRefGroup = 9BC634B02AB0F95900D14459 /* Products */;
			projectDirPath = "";
			projectRoot = "";
			targets = (
				9BC634AE2AB0F95900D14459 /* test */,
				9BC634BE2AB0F95B00D14459 /* testTests */,
				9BC634C82AB0F95B00D14459 /* testUITests */,
			);
		};
/* End PBXProject section */

/* Begin PBXResourcesBuildPhase section */
		9BC634AD2AB0F95900D14459 /* Resources */ = {
			isa = PBXResourcesBuildPhase;
			buildActionMask = 2147483647;
			files = (
				9BC634BA2AB0F95B00D14459 /* Preview Assets.xcassets in Resources */,
				9BC634B72AB0F95B00D14459 /* Assets.xcassets in Resources */,
			);
			runOnlyForDeploymentPostprocessing = 0;
		};
		9BC634BD2AB0F95B00D14459 /* Resources */ = {
			isa = PBXResourcesBuildPhase;
			buildActionMask = 2147483647;
			files = (
			);
			runOnlyForDeploymentPostprocessing = 0;
		};
		9BC634C72AB0F95B00D14459 /* Resources */ = {
			isa = PBXResourcesBuildPhase;
			buildActionMask = 2147483647;
			files = (
			);
			runOnlyForDeploymentPostprocessing = 0;
		};
/* End PBXResourcesBuildPhase section */

/* Begin PBXShellScriptBuildPhase section */
		131937B669F6CB6C161C908A /* [CP] Check Pods Manifest.lock */ = {
			isa = PBXShellScriptBuildPhase;
			buildActionMask = 2147483647;
			files = (
			);
			inputFileListPaths = (
			);
			inputPaths = (
				"${PODS_PODFILE_DIR_PATH}/Podfile.lock",
				"${PODS_ROOT}/Manifest.lock",
			);
			name = "[CP] Check Pods Manifest.lock";
			outputFileListPaths = (
			);
			outputPaths = (
				"$(DERIVED_FILE_DIR)/Pods-test-checkManifestLockResult.txt",
			);
			runOnlyForDeploymentPostprocessing = 0;
			shellPath = /bin/sh;
			shellScript = "diff \"${PODS_PODFILE_DIR_PATH}/Podfile.lock\" \"${PODS_ROOT}/Manifest.lock\" > /dev/null\nif [ $? != 0 ] ; then\n    # print error to STDERR\n    echo \"error: The sandbox is not in sync with the Podfile.lock. Run 'pod install' or update your CocoaPods installation.\" >&2\n    exit 1\nfi\n# This output is used by Xcode 'outputs' to avoid re-running this script phase.\necho \"SUCCESS\" > \"${SCRIPT_OUTPUT_FILE_0}\"\n";
			showEnvVarsInLog = 0;
		};
		45852C6A1DCB514AF4CC8218 /* [CP] Check Pods Manifest.lock */ = {
			isa = PBXShellScriptBuildPhase;
			buildActionMask = 2147483647;
			files = (
			);
			inputFileListPaths = (
			);
			inputPaths = (
				"${PODS_PODFILE_DIR_PATH}/Podfile.lock",
				"${PODS_ROOT}/Manifest.lock",
			);
			name = "[CP] Check Pods Manifest.lock";
			outputFileListPaths = (
			);
			outputPaths = (
				"$(DERIVED_FILE_DIR)/Pods-testTests-checkManifestLockResult.txt",
			);
			runOnlyForDeploymentPostprocessing = 0;
			shellPath = /bin/sh;
			shellScript = "diff \"${PODS_PODFILE_DIR_PATH}/Podfile.lock\" \"${PODS_ROOT}/Manifest.lock\" > /dev/null\nif [ $? != 0 ] ; then\n    # print error to STDERR\n    echo \"error: The sandbox is not in sync with the Podfile.lock. Run 'pod install' or update your CocoaPods installation.\" >&2\n    exit 1\nfi\n# This output is used by Xcode 'outputs' to avoid re-running this script phase.\necho \"SUCCESS\" > \"${SCRIPT_OUTPUT_FILE_0}\"\n";
			showEnvVarsInLog = 0;
		};
		4DC493550EE43FB4449A56CE /* [CP] Copy Pods Resources */ = {
			isa = PBXShellScriptBuildPhase;
			buildActionMask = 2147483647;
			files = (
			);
			inputFileListPaths = (
				"${PODS_ROOT}/Target Support Files/Pods-test-testUITests/Pods-test-testUITests-resources-${CONFIGURATION}-input-files.xcfilelist",
			);
			name = "[CP] Copy Pods Resources";
			outputFileListPaths = (
				"${PODS_ROOT}/Target Support Files/Pods-test-testUITests/Pods-test-testUITests-resources-${CONFIGURATION}-output-files.xcfilelist",
			);
			runOnlyForDeploymentPostprocessing = 0;
			shellPath = /bin/sh;
			shellScript = "\"${PODS_ROOT}/Target Support Files/Pods-test-testUITests/Pods-test-testUITests-resources.sh\"\n";
			showEnvVarsInLog = 0;
		};
		53CD23D0FB85CCD11981CDF4 /* [CP] Copy Pods Resources */ = {
			isa = PBXShellScriptBuildPhase;
			buildActionMask = 2147483647;
			files = (
			);
			inputFileListPaths = (
				"${PODS_ROOT}/Target Support Files/Pods-test/Pods-test-resources-${CONFIGURATION}-input-files.xcfilelist",
			);
			name = "[CP] Copy Pods Resources";
			outputFileListPaths = (
				"${PODS_ROOT}/Target Support Files/Pods-test/Pods-test-resources-${CONFIGURATION}-output-files.xcfilelist",
			);
			runOnlyForDeploymentPostprocessing = 0;
			shellPath = /bin/sh;
			shellScript = "\"${PODS_ROOT}/Target Support Files/Pods-test/Pods-test-resources.sh\"\n";
			showEnvVarsInLog = 0;
		};
		72CDD8A79F7540FC2F3F4E7A /* [CP] Check Pods Manifest.lock */ = {
			isa = PBXShellScriptBuildPhase;
			buildActionMask = 2147483647;
			files = (
			);
			inputFileListPaths = (
			);
			inputPaths = (
				"${PODS_PODFILE_DIR_PATH}/Podfile.lock",
				"${PODS_ROOT}/Manifest.lock",
			);
			name = "[CP] Check Pods Manifest.lock";
			outputFileListPaths = (
			);
			outputPaths = (
				"$(DERIVED_FILE_DIR)/Pods-test-testUITests-checkManifestLockResult.txt",
			);
			runOnlyForDeploymentPostprocessing = 0;
			shellPath = /bin/sh;
			shellScript = "diff \"${PODS_PODFILE_DIR_PATH}/Podfile.lock\" \"${PODS_ROOT}/Manifest.lock\" > /dev/null\nif [ $? != 0 ] ; then\n    # print error to STDERR\n    echo \"error: The sandbox is not in sync with the Podfile.lock. Run 'pod install' or update your CocoaPods installation.\" >&2\n    exit 1\nfi\n# This output is used by Xcode 'outputs' to avoid re-running this script phase.\necho \"SUCCESS\" > \"${SCRIPT_OUTPUT_FILE_0}\"\n";
			showEnvVarsInLog = 0;
		};
/* End PBXShellScriptBuildPhase section */

/* Begin PBXSourcesBuildPhase section */
		9BC634AB2AB0F95900D14459 /* Sources */ = {
			isa = PBXSourcesBuildPhase;
			buildActionMask = 2147483647;
			files = (
				9BF302E32AB9467D002CB598 /* FetiiDriversView.swift in Sources */,
				9BC634B52AB0F95900D14459 /* MapView.swift in Sources */,
				9BF302E52AB94C85002CB598 /* FetiiModels.swift in Sources */,
				9BF302E12AB942BF002CB598 /* HomePageView.swift in Sources */,
				9BC634B32AB0F95900D14459 /* testApp.swift in Sources */,
			);
			runOnlyForDeploymentPostprocessing = 0;
		};
		9BC634BB2AB0F95B00D14459 /* Sources */ = {
			isa = PBXSourcesBuildPhase;
			buildActionMask = 2147483647;
			files = (
				9BC634C42AB0F95B00D14459 /* testTests.swift in Sources */,
			);
			runOnlyForDeploymentPostprocessing = 0;
		};
		9BC634C52AB0F95B00D14459 /* Sources */ = {
			isa = PBXSourcesBuildPhase;
			buildActionMask = 2147483647;
			files = (
				9BC634D02AB0F95B00D14459 /* testUITestsLaunchTests.swift in Sources */,
				9BC634CE2AB0F95B00D14459 /* testUITests.swift in Sources */,
			);
			runOnlyForDeploymentPostprocessing = 0;
		};
/* End PBXSourcesBuildPhase section */

/* Begin PBXTargetDependency section */
		9BC634C12AB0F95B00D14459 /* PBXTargetDependency */ = {
			isa = PBXTargetDependency;
			target = 9BC634AE2AB0F95900D14459 /* test */;
			targetProxy = 9BC634C02AB0F95B00D14459 /* PBXContainerItemProxy */;
		};
		9BC634CB2AB0F95B00D14459 /* PBXTargetDependency */ = {
			isa = PBXTargetDependency;
			target = 9BC634AE2AB0F95900D14459 /* test */;
			targetProxy = 9BC634CA2AB0F95B00D14459 /* PBXContainerItemProxy */;
		};
/* End PBXTargetDependency section */

/* Begin XCBuildConfiguration section */
		9BC634D12AB0F95B00D14459 /* Debug */ = {
			isa = XCBuildConfiguration;
			buildSettings = {
				ALWAYS_SEARCH_USER_PATHS = NO;
				CLANG_ANALYZER_NONNULL = YES;
				CLANG_ANALYZER_NUMBER_OBJECT_CONVERSION = YES_AGGRESSIVE;
				CLANG_CXX_LANGUAGE_STANDARD = "gnu++20";
				CLANG_ENABLE_MODULES = YES;
				CLANG_ENABLE_OBJC_ARC = YES;
				CLANG_ENABLE_OBJC_WEAK = YES;
				CLANG_WARN_BLOCK_CAPTURE_AUTORELEASING = YES;
				CLANG_WARN_BOOL_CONVERSION = YES;
				CLANG_WARN_COMMA = YES;
				CLANG_WARN_CONSTANT_CONVERSION = YES;
				CLANG_WARN_DEPRECATED_OBJC_IMPLEMENTATIONS = YES;
				CLANG_WARN_DIRECT_OBJC_ISA_USAGE = YES_ERROR;
				CLANG_WARN_DOCUMENTATION_COMMENTS = YES;
				CLANG_WARN_EMPTY_BODY = YES;
				CLANG_WARN_ENUM_CONVERSION = YES;
				CLANG_WARN_INFINITE_RECURSION = YES;
				CLANG_WARN_INT_CONVERSION = YES;
				CLANG_WARN_NON_LITERAL_NULL_CONVERSION = YES;
				CLANG_WARN_OBJC_IMPLICIT_RETAIN_SELF = YES;
				CLANG_WARN_OBJC_LITERAL_CONVERSION = YES;
				CLANG_WARN_OBJC_ROOT_CLASS = YES_ERROR;
				CLANG_WARN_QUOTED_INCLUDE_IN_FRAMEWORK_HEADER = YES;
				CLANG_WARN_RANGE_LOOP_ANALYSIS = YES;
				CLANG_WARN_STRICT_PROTOTYPES = YES;
				CLANG_WARN_SUSPICIOUS_MOVE = YES;
				CLANG_WARN_UNGUARDED_AVAILABILITY = YES_AGGRESSIVE;
				CLANG_WARN_UNREACHABLE_CODE = YES;
				CLANG_WARN__DUPLICATE_METHOD_MATCH = YES;
				COPY_PHASE_STRIP = NO;
				DEBUG_INFORMATION_FORMAT = dwarf;
				ENABLE_STRICT_OBJC_MSGSEND = YES;
				ENABLE_TESTABILITY = YES;
				GCC_C_LANGUAGE_STANDARD = gnu11;
				GCC_DYNAMIC_NO_PIC = NO;
				GCC_NO_COMMON_BLOCKS = YES;
				GCC_OPTIMIZATION_LEVEL = 0;
				GCC_PREPROCESSOR_DEFINITIONS = (
					"DEBUG=1",
					"$(inherited)",
				);
				GCC_WARN_64_TO_32_BIT_CONVERSION = YES;
				GCC_WARN_ABOUT_RETURN_TYPE = YES_ERROR;
				GCC_WARN_UNDECLARED_SELECTOR = YES;
				GCC_WARN_UNINITIALIZED_AUTOS = YES_AGGRESSIVE;
				GCC_WARN_UNUSED_FUNCTION = YES;
				GCC_WARN_UNUSED_VARIABLE = YES;
				IPHONEOS_DEPLOYMENT_TARGET = 16.4;
				MTL_ENABLE_DEBUG_INFO = INCLUDE_SOURCE;
				MTL_FAST_MATH = YES;
				ONLY_ACTIVE_ARCH = YES;
				SDKROOT = iphoneos;
				SWIFT_ACTIVE_COMPILATION_CONDITIONS = DEBUG;
				SWIFT_OPTIMIZATION_LEVEL = "-Onone";
			};
			name = Debug;
		};
		9BC634D22AB0F95B00D14459 /* Release */ = {
			isa = XCBuildConfiguration;
			buildSettings = {
				ALWAYS_SEARCH_USER_PATHS = NO;
				CLANG_ANALYZER_NONNULL = YES;
				CLANG_ANALYZER_NUMBER_OBJECT_CONVERSION = YES_AGGRESSIVE;
				CLANG_CXX_LANGUAGE_STANDARD = "gnu++20";
				CLANG_ENABLE_MODULES = YES;
				CLANG_ENABLE_OBJC_ARC = YES;
				CLANG_ENABLE_OBJC_WEAK = YES;
				CLANG_WARN_BLOCK_CAPTURE_AUTORELEASING = YES;
				CLANG_WARN_BOOL_CONVERSION = YES;
				CLANG_WARN_COMMA = YES;
				CLANG_WARN_CONSTANT_CONVERSION = YES;
				CLANG_WARN_DEPRECATED_OBJC_IMPLEMENTATIONS = YES;
				CLANG_WARN_DIRECT_OBJC_ISA_USAGE = YES_ERROR;
				CLANG_WARN_DOCUMENTATION_COMMENTS = YES;
				CLANG_WARN_EMPTY_BODY = YES;
				CLANG_WARN_ENUM_CONVERSION = YES;
				CLANG_WARN_INFINITE_RECURSION = YES;
				CLANG_WARN_INT_CONVERSION = YES;
				CLANG_WARN_NON_LITERAL_NULL_CONVERSION = YES;
				CLANG_WARN_OBJC_IMPLICIT_RETAIN_SELF = YES;
				CLANG_WARN_OBJC_LITERAL_CONVERSION = YES;
				CLANG_WARN_OBJC_ROOT_CLASS = YES_ERROR;
				CLANG_WARN_QUOTED_INCLUDE_IN_FRAMEWORK_HEADER = YES;
				CLANG_WARN_RANGE_LOOP_ANALYSIS = YES;
				CLANG_WARN_STRICT_PROTOTYPES = YES;
				CLANG_WARN_SUSPICIOUS_MOVE = YES;
				CLANG_WARN_UNGUARDED_AVAILABILITY = YES_AGGRESSIVE;
				CLANG_WARN_UNREACHABLE_CODE = YES;
				CLANG_WARN__DUPLICATE_METHOD_MATCH = YES;
				COPY_PHASE_STRIP = NO;
				DEBUG_INFORMATION_FORMAT = "dwarf-with-dsym";
				ENABLE_NS_ASSERTIONS = NO;
				ENABLE_STRICT_OBJC_MSGSEND = YES;
				GCC_C_LANGUAGE_STANDARD = gnu11;
				GCC_NO_COMMON_BLOCKS = YES;
				GCC_WARN_64_TO_32_BIT_CONVERSION = YES;
				GCC_WARN_ABOUT_RETURN_TYPE = YES_ERROR;
				GCC_WARN_UNDECLARED_SELECTOR = YES;
				GCC_WARN_UNINITIALIZED_AUTOS = YES_AGGRESSIVE;
				GCC_WARN_UNUSED_FUNCTION = YES;
				GCC_WARN_UNUSED_VARIABLE = YES;
				IPHONEOS_DEPLOYMENT_TARGET = 16.4;
				MTL_ENABLE_DEBUG_INFO = NO;
				MTL_FAST_MATH = YES;
				SDKROOT = iphoneos;
				SWIFT_COMPILATION_MODE = wholemodule;
				SWIFT_OPTIMIZATION_LEVEL = "-O";
				VALIDATE_PRODUCT = YES;
			};
			name = Release;
		};
		9BC634D42AB0F95B00D14459 /* Debug */ = {
			isa = XCBuildConfiguration;
			baseConfigurationReference = 25C64875C59BF3AB42D85825 /* Pods-test.debug.xcconfig */;
			buildSettings = {
				ASSETCATALOG_COMPILER_APPICON_NAME = AppIcon;
				ASSETCATALOG_COMPILER_GLOBAL_ACCENT_COLOR_NAME = AccentColor;
				CODE_SIGN_STYLE = Automatic;
				CURRENT_PROJECT_VERSION = 1;
				DEVELOPMENT_ASSET_PATHS = "\"test/Preview Content\"";
				DEVELOPMENT_TEAM = 6JVG5S75R8;
				ENABLE_PREVIEWS = YES;
				GENERATE_INFOPLIST_FILE = YES;
				INFOPLIST_KEY_NSLocationWhenInUseUsageDescription = "We want to sell you location info and profit";
				INFOPLIST_KEY_UIApplicationSceneManifest_Generation = YES;
				INFOPLIST_KEY_UIApplicationSupportsIndirectInputEvents = YES;
				INFOPLIST_KEY_UILaunchScreen_Generation = YES;
				INFOPLIST_KEY_UISupportedInterfaceOrientations_iPad = "UIInterfaceOrientationPortrait UIInterfaceOrientationPortraitUpsideDown UIInterfaceOrientationLandscapeLeft UIInterfaceOrientationLandscapeRight";
				INFOPLIST_KEY_UISupportedInterfaceOrientations_iPhone = "UIInterfaceOrientationPortrait UIInterfaceOrientationLandscapeLeft UIInterfaceOrientationLandscapeRight";
				LD_RUNPATH_SEARCH_PATHS = (
					"$(inherited)",
					"@executable_path/Frameworks",
				);
				MARKETING_VERSION = 1.0;
				PRODUCT_BUNDLE_IDENTIFIER = gagebroberg.test;
				PRODUCT_NAME = "$(TARGET_NAME)";
				SWIFT_EMIT_LOC_STRINGS = YES;
				SWIFT_VERSION = 5.0;
				TARGETED_DEVICE_FAMILY = "1,2";
			};
			name = Debug;
		};
		9BC634D52AB0F95B00D14459 /* Release */ = {
			isa = XCBuildConfiguration;
			baseConfigurationReference = 23FCA96C220927B57A9A8D3F /* Pods-test.release.xcconfig */;
			buildSettings = {
				ASSETCATALOG_COMPILER_APPICON_NAME = AppIcon;
				ASSETCATALOG_COMPILER_GLOBAL_ACCENT_COLOR_NAME = AccentColor;
				CODE_SIGN_STYLE = Automatic;
				CURRENT_PROJECT_VERSION = 1;
				DEVELOPMENT_ASSET_PATHS = "\"test/Preview Content\"";
				DEVELOPMENT_TEAM = 6JVG5S75R8;
				ENABLE_PREVIEWS = YES;
				GENERATE_INFOPLIST_FILE = YES;
				INFOPLIST_KEY_NSLocationWhenInUseUsageDescription = "We want to sell you location info and profit";
				INFOPLIST_KEY_UIApplicationSceneManifest_Generation = YES;
				INFOPLIST_KEY_UIApplicationSupportsIndirectInputEvents = YES;
				INFOPLIST_KEY_UILaunchScreen_Generation = YES;
				INFOPLIST_KEY_UISupportedInterfaceOrientations_iPad = "UIInterfaceOrientationPortrait UIInterfaceOrientationPortraitUpsideDown UIInterfaceOrientationLandscapeLeft UIInterfaceOrientationLandscapeRight";
				INFOPLIST_KEY_UISupportedInterfaceOrientations_iPhone = "UIInterfaceOrientationPortrait UIInterfaceOrientationLandscapeLeft UIInterfaceOrientationLandscapeRight";
				LD_RUNPATH_SEARCH_PATHS = (
					"$(inherited)",
					"@executable_path/Frameworks",
				);
				MARKETING_VERSION = 1.0;
				PRODUCT_BUNDLE_IDENTIFIER = gagebroberg.test;
				PRODUCT_NAME = "$(TARGET_NAME)";
				SWIFT_EMIT_LOC_STRINGS = YES;
				SWIFT_VERSION = 5.0;
				TARGETED_DEVICE_FAMILY = "1,2";
			};
			name = Release;
		};
		9BC634D72AB0F95B00D14459 /* Debug */ = {
			isa = XCBuildConfiguration;
			baseConfigurationReference = 34930E9E920A5FEB29117CC4 /* Pods-testTests.debug.xcconfig */;
			buildSettings = {
				ALWAYS_EMBED_SWIFT_STANDARD_LIBRARIES = YES;
				BUNDLE_LOADER = "$(TEST_HOST)";
				CODE_SIGN_STYLE = Automatic;
				CURRENT_PROJECT_VERSION = 1;
				DEVELOPMENT_TEAM = 6JVG5S75R8;
				GENERATE_INFOPLIST_FILE = YES;
				IPHONEOS_DEPLOYMENT_TARGET = 16.4;
				MARKETING_VERSION = 1.0;
				PRODUCT_BUNDLE_IDENTIFIER = gagebroberg.testTests;
				PRODUCT_NAME = "$(TARGET_NAME)";
				SWIFT_EMIT_LOC_STRINGS = NO;
				SWIFT_VERSION = 5.0;
				TARGETED_DEVICE_FAMILY = "1,2";
				TEST_HOST = "$(BUILT_PRODUCTS_DIR)/test.app/$(BUNDLE_EXECUTABLE_FOLDER_PATH)/test";
			};
			name = Debug;
		};
		9BC634D82AB0F95B00D14459 /* Release */ = {
			isa = XCBuildConfiguration;
			baseConfigurationReference = CDB08C3034984060CF230360 /* Pods-testTests.release.xcconfig */;
			buildSettings = {
				ALWAYS_EMBED_SWIFT_STANDARD_LIBRARIES = YES;
				BUNDLE_LOADER = "$(TEST_HOST)";
				CODE_SIGN_STYLE = Automatic;
				CURRENT_PROJECT_VERSION = 1;
				DEVELOPMENT_TEAM = 6JVG5S75R8;
				GENERATE_INFOPLIST_FILE = YES;
				IPHONEOS_DEPLOYMENT_TARGET = 16.4;
				MARKETING_VERSION = 1.0;
				PRODUCT_BUNDLE_IDENTIFIER = gagebroberg.testTests;
				PRODUCT_NAME = "$(TARGET_NAME)";
				SWIFT_EMIT_LOC_STRINGS = NO;
				SWIFT_VERSION = 5.0;
				TARGETED_DEVICE_FAMILY = "1,2";
				TEST_HOST = "$(BUILT_PRODUCTS_DIR)/test.app/$(BUNDLE_EXECUTABLE_FOLDER_PATH)/test";
			};
			name = Release;
		};
		9BC634DA2AB0F95B00D14459 /* Debug */ = {
			isa = XCBuildConfiguration;
			baseConfigurationReference = DC550E30645A8F0C7D2116C4 /* Pods-test-testUITests.debug.xcconfig */;
			buildSettings = {
				ALWAYS_EMBED_SWIFT_STANDARD_LIBRARIES = YES;
				CODE_SIGN_STYLE = Automatic;
				CURRENT_PROJECT_VERSION = 1;
				DEVELOPMENT_TEAM = 6JVG5S75R8;
				GENERATE_INFOPLIST_FILE = YES;
				MARKETING_VERSION = 1.0;
				PRODUCT_BUNDLE_IDENTIFIER = gagebroberg.testUITests;
				PRODUCT_NAME = "$(TARGET_NAME)";
				SWIFT_EMIT_LOC_STRINGS = NO;
				SWIFT_VERSION = 5.0;
				TARGETED_DEVICE_FAMILY = "1,2";
				TEST_TARGET_NAME = test;
			};
			name = Debug;
		};
		9BC634DB2AB0F95B00D14459 /* Release */ = {
			isa = XCBuildConfiguration;
			baseConfigurationReference = 604D4B884059703C0FC9C5B6 /* Pods-test-testUITests.release.xcconfig */;
			buildSettings = {
				ALWAYS_EMBED_SWIFT_STANDARD_LIBRARIES = YES;
				CODE_SIGN_STYLE = Automatic;
				CURRENT_PROJECT_VERSION = 1;
				DEVELOPMENT_TEAM = 6JVG5S75R8;
				GENERATE_INFOPLIST_FILE = YES;
				MARKETING_VERSION = 1.0;
				PRODUCT_BUNDLE_IDENTIFIER = gagebroberg.testUITests;
				PRODUCT_NAME = "$(TARGET_NAME)";
				SWIFT_EMIT_LOC_STRINGS = NO;
				SWIFT_VERSION = 5.0;
				TARGETED_DEVICE_FAMILY = "1,2";
				TEST_TARGET_NAME = test;
			};
			name = Release;
		};
/* End XCBuildConfiguration section */

/* Begin XCConfigurationList section */
		9BC634AA2AB0F95900D14459 /* Build configuration list for PBXProject "test" */ = {
			isa = XCConfigurationList;
			buildConfigurations = (
				9BC634D12AB0F95B00D14459 /* Debug */,
				9BC634D22AB0F95B00D14459 /* Release */,
			);
			defaultConfigurationIsVisible = 0;
			defaultConfigurationName = Release;
		};
		9BC634D32AB0F95B00D14459 /* Build configuration list for PBXNativeTarget "test" */ = {
			isa = XCConfigurationList;
			buildConfigurations = (
				9BC634D42AB0F95B00D14459 /* Debug */,
				9BC634D52AB0F95B00D14459 /* Release */,
			);
			defaultConfigurationIsVisible = 0;
			defaultConfigurationName = Release;
		};
		9BC634D62AB0F95B00D14459 /* Build configuration list for PBXNativeTarget "testTests" */ = {
			isa = XCConfigurationList;
			buildConfigurations = (
				9BC634D72AB0F95B00D14459 /* Debug */,
				9BC634D82AB0F95B00D14459 /* Release */,
			);
			defaultConfigurationIsVisible = 0;
			defaultConfigurationName = Release;
		};
		9BC634D92AB0F95B00D14459 /* Build configuration list for PBXNativeTarget "testUITests" */ = {
			isa = XCConfigurationList;
			buildConfigurations = (
				9BC634DA2AB0F95B00D14459 /* Debug */,
				9BC634DB2AB0F95B00D14459 /* Release */,
			);
			defaultConfigurationIsVisible = 0;
			defaultConfigurationName = Release;
		};
/* End XCConfigurationList section */
	};
	rootObject = 9BC634A72AB0F95900D14459 /* Project object */;
}
